
Microsoft Visual Studio Solution File, Format Version 12.00
# Visual Studio Version 17
VisualStudioVersion = 17.4.33403.182
MinimumVisualStudioVersion = 10.0.40219.1
Project("{FAE04EC0-301F-11D3-BF4B-00C04F79EFBC}") = "SCPTroubleInTerroristTown", "SCPTroubleInTerroristTown.csproj", "{1C75276D-31F1-4E65-9A13-8F1C34C5C268}"
EndProject
Global
	GlobalSection(SolutionConfigurationPlatforms) = preSolution
		Debug|Any CPU = Debug|Any CPU
		Release|Any CPU = Release|Any CPU
	EndGlobalSection
	GlobalSection(ProjectConfigurationPlatforms) = postSolution
		{1C75276D-31F1-4E65-9A13-8F1C34C5C268}.Debug|Any CPU.ActiveCfg = Debug|Any CPU
		{1C75276D-31F1-4E65-9A13-8F1C34C5C268}.Debug|Any CPU.Build.0 = Debug|Any CPU
		{1C75276D-31F1-4E65-9A13-8F1C34C5C268}.Release|Any CPU.ActiveCfg = Release|Any CPU
		{1C75276D-31F1-4E65-9A13-8F1C34C5C268}.Release|Any CPU.Build.0 = Release|Any CPU
	EndGlobalSection
	GlobalSection(SolutionProperties) = preSolution
		HideSolutionNode = FALSE
	EndGlobalSection
	GlobalSection(ExtensibilityGlobals) = postSolution
		SolutionGuid = {36C4BA77-04E3-405C-8DAF-7041C21008EC}
	EndGlobalSection
EndGlobal
